{
  "name": "myproject",
  "version": "1.0.0",
  "lockfileVersion": 1,
  "requires": true,
  "dependencies": {
    "module-sonu-code": {
      "version": "1.0.4",
      "resolved": "https://registry.npmjs.org/module-sonu-code/-/module-sonu-code-1.0.4.tgz",
      "integrity": "sha512-wnFL7jmv7bO1IRWUVoawqEi/lXnHb8rmt/d7qByPCNFbvR/gMUCQ8w4px/zApsT8XMwou8tdO3sk7X8p+2vZMw=="
    }
  }
}
